{
  "object": {
    "pins": [
      {
        "package": "swift-argument-parser",
        "repositoryURL": "https://github.com/apple/swift-argument-parser.git",
        "state": {
          "branch": null,
          "revision": "986d191f94cec88f6350056da59c2e59e83d1229",
          "version": "0.4.3"
        }
      },
      {
        "package": "SwiftShell",
        "repositoryURL": "https://github.com/kareman/SwiftShell.git",
        "state": {
          "branch": null,
          "revision": "99680b2efc7c7dbcace1da0b3979d266f02e213c",
          "version": "5.1.0"
        }
      },
      {
        "package": "SwiftyReversi",
        "repositoryURL": "https://github.com/koher/swifty-reversi.git",
        "state": {
          "branch": null,
          "revision": "b8b904ad881bcbbc1d3a9c6e0a697085a0e9dfa6",
          "version": "0.2.0-beta"
        }
      }
    ]
  },
  "version": 1
}
